<Solution>
  <Folder Name="/src/">
    <Project Path="src/Tessera.Core/Tessera.Core.csproj"/>
    <Project Path="src/Tessera.App/Tessera.App.csproj"/>
  </Folder>
  <Folder Name="/tests/">
    <Project Path="tests/Tessera.Tests/Tessera.Tests.csproj"/>
    <Project Path="tests/Tessera.App.Tests/Tessera.App.Tests.csproj"/>
    <Project Path="tests/Tessera.Desktop.Smoke/Tessera.Desktop.Smoke.csproj"/>
  </Folder>
</Solution>
